
Microsoft Visual Studio Solution File, Format Version 12.00
# Visual Studio Version 16
VisualStudioVersion = 16.0.29215.179
MinimumVisualStudioVersion = 10.0.40219.1
Project("{FAE04EC0-301F-11D3-BF4B-00C04F79EFBC}") = "Patterns", "Patterns\Patterns.csproj", "{878DAAA0-8F44-42F2-B8E3-C0FA2FECEF00}"
EndProject
Global
	GlobalSection(SolutionConfigurationPlatforms) = preSolution
		Debug|Any CPU = Debug|Any CPU
		Release|Any CPU = Release|Any CPU
	EndGlobalSection
	GlobalSection(ProjectConfigurationPlatforms) = postSolution
		{878DAAA0-8F44-42F2-B8E3-C0FA2FECEF00}.Debug|Any CPU.ActiveCfg = Debug|Any CPU
		{878DAAA0-8F44-42F2-B8E3-C0FA2FECEF00}.Debug|Any CPU.Build.0 = Debug|Any CPU
		{878DAAA0-8F44-42F2-B8E3-C0FA2FECEF00}.Release|Any CPU.ActiveCfg = Release|Any CPU
		{878DAAA0-8F44-42F2-B8E3-C0FA2FECEF00}.Release|Any CPU.Build.0 = Release|Any CPU
	EndGlobalSection
	GlobalSection(SolutionProperties) = preSolution
		HideSolutionNode = FALSE
	EndGlobalSection
	GlobalSection(ExtensibilityGlobals) = postSolution
		SolutionGuid = {03D80F6E-E1D6-46C5-853D-21DD8D252D42}
	EndGlobalSection
EndGlobal
